
Microsoft Visual Studio Solution File, Format Version 12.00
# Visual Studio Version 17
VisualStudioVersion = 17.2.32526.322
MinimumVisualStudioVersion = 10.0.40219.1
Project("{2150E333-8FDC-42A3-9474-1A3956D46DE8}") = "Services", "Services", "{7CF09156-2431-4DB3-8563-4B27A3F33D5D}"
EndProject
Project("{FAE04EC0-301F-11D3-BF4B-00C04F79EFBC}") = "Catalog.API", "Services\Catalog.API\Catalog.API.csproj", "{05A69463-7498-4D24-A52E-6D8921F817C6}"
EndProject
Global
	GlobalSection(SolutionConfigurationPlatforms) = preSolution
		Debug|Any CPU = Debug|Any CPU
		Release|Any CPU = Release|Any CPU
	EndGlobalSection
	GlobalSection(ProjectConfigurationPlatforms) = postSolution
		{05A69463-7498-4D24-A52E-6D8921F817C6}.Debug|Any CPU.ActiveCfg = Debug|Any CPU
		{05A69463-7498-4D24-A52E-6D8921F817C6}.Debug|Any CPU.Build.0 = Debug|Any CPU
		{05A69463-7498-4D24-A52E-6D8921F817C6}.Release|Any CPU.ActiveCfg = Release|Any CPU
		{05A69463-7498-4D24-A52E-6D8921F817C6}.Release|Any CPU.Build.0 = Release|Any CPU
	EndGlobalSection
	GlobalSection(SolutionProperties) = preSolution
		HideSolutionNode = FALSE
	EndGlobalSection
	GlobalSection(NestedProjects) = preSolution
		{05A69463-7498-4D24-A52E-6D8921F817C6} = {7CF09156-2431-4DB3-8563-4B27A3F33D5D}
	EndGlobalSection
	GlobalSection(ExtensibilityGlobals) = postSolution
		SolutionGuid = {5E7C69AD-D7AB-43CF-9311-5347B0AA02C4}
	EndGlobalSection
EndGlobal
